PODS:
  - Alamofire (4.7.3)
  - Kingfisher (4.10.1)
  - SwiftGifOrigin (1.6.1)
  - SwiftyJSON (4.2.0)

DEPENDENCIES:
  - Alamofire
  - Kingfisher
  - SwiftGifOrigin
  - SwiftyJSON

SPEC REPOS:
  https://github.com/cocoapods/specs.git:
    - Alamofire
    - Kingfisher
    - SwiftGifOrigin
    - SwiftyJSON

SPEC CHECKSUMS:
  Alamofire: c7287b6e5d7da964a70935e5db17046b7fde6568
  Kingfisher: c148cd7b47ebde9989f6bc7c27dcaa79d81279a0
  SwiftGifOrigin: d6679d3ebe9df2e049a84bc52582635107b581f6
  SwiftyJSON: c4bcba26dd9ec7a027fc8eade48e2c911f229e96

PODFILE CHECKSUM: 08e3648aae84935639636dc863fbd90678066bd0

COCOAPODS: 1.5.3
