// !$*UTF8*$!
{
	archiveVersion = 1;
	classes = {
	};
	objectVersion = 50;
	objects = {

/* Begin PBXBuildFile section */
		635A392BC0DC6B5E8BC5B817 /* Pods_FoodCloud.framework in Frameworks */ = {isa = PBXBuildFile; fileRef = AFF1D46858882584E8A5FF4A /* Pods_FoodCloud.framework */; };
		CB1F3C20219DDC1600035F0F /* RequestService.swift in Sources */ = {isa = PBXBuildFile; fileRef = CB1F3C1C219DDC1600035F0F /* RequestService.swift */; };
		CB1F3C21219DDC1600035F0F /* HTTPStatusCode.swift in Sources */ = {isa = PBXBuildFile; fileRef = CB1F3C1D219DDC1600035F0F /* HTTPStatusCode.swift */; };
		CB1F3C22219DDC1600035F0F /* APIService.swift in Sources */ = {isa = PBXBuildFile; fileRef = CB1F3C1E219DDC1600035F0F /* APIService.swift */; };
		CB1F3C23219DDC1600035F0F /* NetworkResult.swift in Sources */ = {isa = PBXBuildFile; fileRef = CB1F3C1F219DDC1600035F0F /* NetworkResult.swift */; };
		CB1F3C25219DDD0C00035F0F /* MainFoodFeedVC.swift in Sources */ = {isa = PBXBuildFile; fileRef = CB1F3C24219DDD0C00035F0F /* MainFoodFeedVC.swift */; };
		CB1F3C27219DDD1700035F0F /* MyPageVC.swift in Sources */ = {isa = PBXBuildFile; fileRef = CB1F3C26219DDD1700035F0F /* MyPageVC.swift */; };
		CB1F3C29219DDD2700035F0F /* EventVC.swift in Sources */ = {isa = PBXBuildFile; fileRef = CB1F3C28219DDD2700035F0F /* EventVC.swift */; };
		CB1F3C2B219DDD3800035F0F /* GoneFoodFeedVC.swift in Sources */ = {isa = PBXBuildFile; fileRef = CB1F3C2A219DDD3800035F0F /* GoneFoodFeedVC.swift */; };
		CB1F3C2D219DDD4600035F0F /* UploadVC.swift in Sources */ = {isa = PBXBuildFile; fileRef = CB1F3C2C219DDD4600035F0F /* UploadVC.swift */; };
		CB1F3C2F219DDE1200035F0F /* Food+Person.storyboard in Resources */ = {isa = PBXBuildFile; fileRef = CB1F3C2E219DDE1200035F0F /* Food+Person.storyboard */; };
		CB1F3C31219DE03700035F0F /* Message.storyboard in Resources */ = {isa = PBXBuildFile; fileRef = CB1F3C30219DE03700035F0F /* Message.storyboard */; };
		CB1F3C34219DE0C000035F0F /* MessageVC.swift in Sources */ = {isa = PBXBuildFile; fileRef = CB1F3C33219DE0C000035F0F /* MessageVC.swift */; };
		CB1F3C37219DE11900035F0F /* UIImageVIew+imageFromUrl.swift in Sources */ = {isa = PBXBuildFile; fileRef = CB1F3C36219DE11900035F0F /* UIImageVIew+imageFromUrl.swift */; };
		CB1F3C39219DE12800035F0F /* UIView+applyDesign.swift in Sources */ = {isa = PBXBuildFile; fileRef = CB1F3C38219DE12800035F0F /* UIView+applyDesign.swift */; };
		CB1F3C3B219DE12F00035F0F /* UIViewController+extesion.swift in Sources */ = {isa = PBXBuildFile; fileRef = CB1F3C3A219DE12F00035F0F /* UIViewController+extesion.swift */; };
		CB1F3C3E219DE1BE00035F0F /* RecieveMessageCell.swift in Sources */ = {isa = PBXBuildFile; fileRef = CB1F3C3C219DE1BE00035F0F /* RecieveMessageCell.swift */; };
		CB1F3C3F219DE1BE00035F0F /* SendMessageCell.swift in Sources */ = {isa = PBXBuildFile; fileRef = CB1F3C3D219DE1BE00035F0F /* SendMessageCell.swift */; };
		CB3A9897219E9587006DF777 /* KakaoAddressService.swift in Sources */ = {isa = PBXBuildFile; fileRef = CB3A9896219E9587006DF777 /* KakaoAddressService.swift */; };
		CB3A9899219E959A006DF777 /* Address.storyboard in Resources */ = {isa = PBXBuildFile; fileRef = CB3A9898219E959A006DF777 /* Address.storyboard */; };
		CB3A989B219E9637006DF777 /* LocationSearchVC.swift in Sources */ = {isa = PBXBuildFile; fileRef = CB3A989A219E9637006DF777 /* LocationSearchVC.swift */; };
		CB3A989D219E9673006DF777 /* AddressData.swift in Sources */ = {isa = PBXBuildFile; fileRef = CB3A989C219E9673006DF777 /* AddressData.swift */; };
		CB3A989F219E96DD006DF777 /* LocationSearchCell.swift in Sources */ = {isa = PBXBuildFile; fileRef = CB3A989E219E96DD006DF777 /* LocationSearchCell.swift */; };
		CB3A98A1219E9A65006DF777 /* UIColor+rgb.swift in Sources */ = {isa = PBXBuildFile; fileRef = CB3A98A0219E9A65006DF777 /* UIColor+rgb.swift */; };
		CB3DFB20219DF1CD00615D25 /* MainFoodFeedCell.swift in Sources */ = {isa = PBXBuildFile; fileRef = CB3DFB1F219DF1CD00615D25 /* MainFoodFeedCell.swift */; };
		CB5DF3E1219DD5A3009AD176 /* AppDelegate.swift in Sources */ = {isa = PBXBuildFile; fileRef = CB5DF3E0219DD5A3009AD176 /* AppDelegate.swift */; };
		CB5DF3E6219DD5A3009AD176 /* Main.storyboard in Resources */ = {isa = PBXBuildFile; fileRef = CB5DF3E4219DD5A3009AD176 /* Main.storyboard */; };
		CB5DF3E8219DD5A4009AD176 /* Assets.xcassets in Resources */ = {isa = PBXBuildFile; fileRef = CB5DF3E7219DD5A4009AD176 /* Assets.xcassets */; };
		CB5DF3EB219DD5A4009AD176 /* LaunchScreen.storyboard in Resources */ = {isa = PBXBuildFile; fileRef = CB5DF3E9219DD5A4009AD176 /* LaunchScreen.storyboard */; };
/* End PBXBuildFile section */

/* Begin PBXFileReference section */
		9A0166FFA85100BCE4351B0C /* Pods-FoodCloud.release.xcconfig */ = {isa = PBXFileReference; includeInIndex = 1; lastKnownFileType = text.xcconfig; name = "Pods-FoodCloud.release.xcconfig"; path = "Pods/Target Support Files/Pods-FoodCloud/Pods-FoodCloud.release.xcconfig"; sourceTree = "<group>"; };
		AFF1D46858882584E8A5FF4A /* Pods_FoodCloud.framework */ = {isa = PBXFileReference; explicitFileType = wrapper.framework; includeInIndex = 0; path = Pods_FoodCloud.framework; sourceTree = BUILT_PRODUCTS_DIR; };
		C4ECB1779A52A49BFECC48B3 /* Pods-FoodCloud.debug.xcconfig */ = {isa = PBXFileReference; includeInIndex = 1; lastKnownFileType = text.xcconfig; name = "Pods-FoodCloud.debug.xcconfig"; path = "Pods/Target Support Files/Pods-FoodCloud/Pods-FoodCloud.debug.xcconfig"; sourceTree = "<group>"; };
		CB1F3C1C219DDC1600035F0F /* RequestService.swift */ = {isa = PBXFileReference; fileEncoding = 4; lastKnownFileType = sourcecode.swift; path = RequestService.swift; sourceTree = "<group>"; };
		CB1F3C1D219DDC1600035F0F /* HTTPStatusCode.swift */ = {isa = PBXFileReference; fileEncoding = 4; lastKnownFileType = sourcecode.swift; path = HTTPStatusCode.swift; sourceTree = "<group>"; };
		CB1F3C1E219DDC1600035F0F /* APIService.swift */ = {isa = PBXFileReference; fileEncoding = 4; lastKnownFileType = sourcecode.swift; path = APIService.swift; sourceTree = "<group>"; };
		CB1F3C1F219DDC1600035F0F /* NetworkResult.swift */ = {isa = PBXFileReference; fileEncoding = 4; lastKnownFileType = sourcecode.swift; path = NetworkResult.swift; sourceTree = "<group>"; };
		CB1F3C24219DDD0C00035F0F /* MainFoodFeedVC.swift */ = {isa = PBXFileReference; lastKnownFileType = sourcecode.swift; path = MainFoodFeedVC.swift; sourceTree = "<group>"; };
		CB1F3C26219DDD1700035F0F /* MyPageVC.swift */ = {isa = PBXFileReference; lastKnownFileType = sourcecode.swift; path = MyPageVC.swift; sourceTree = "<group>"; };
		CB1F3C28219DDD2700035F0F /* EventVC.swift */ = {isa = PBXFileReference; lastKnownFileType = sourcecode.swift; path = EventVC.swift; sourceTree = "<group>"; };
		CB1F3C2A219DDD3800035F0F /* GoneFoodFeedVC.swift */ = {isa = PBXFileReference; lastKnownFileType = sourcecode.swift; path = GoneFoodFeedVC.swift; sourceTree = "<group>"; };
		CB1F3C2C219DDD4600035F0F /* UploadVC.swift */ = {isa = PBXFileReference; lastKnownFileType = sourcecode.swift; path = UploadVC.swift; sourceTree = "<group>"; };
		CB1F3C2E219DDE1200035F0F /* Food+Person.storyboard */ = {isa = PBXFileReference; lastKnownFileType = file.storyboard; path = "Food+Person.storyboard"; sourceTree = "<group>"; };
		CB1F3C30219DE03700035F0F /* Message.storyboard */ = {isa = PBXFileReference; fileEncoding = 4; lastKnownFileType = file.storyboard; path = Message.storyboard; sourceTree = "<group>"; };
		CB1F3C33219DE0C000035F0F /* MessageVC.swift */ = {isa = PBXFileReference; lastKnownFileType = sourcecode.swift; path = MessageVC.swift; sourceTree = "<group>"; };
		CB1F3C36219DE11900035F0F /* UIImageVIew+imageFromUrl.swift */ = {isa = PBXFileReference; fileEncoding = 4; lastKnownFileType = sourcecode.swift; path = "UIImageVIew+imageFromUrl.swift"; sourceTree = "<group>"; };
		CB1F3C38219DE12800035F0F /* UIView+applyDesign.swift */ = {isa = PBXFileReference; fileEncoding = 4; lastKnownFileType = sourcecode.swift; path = "UIView+applyDesign.swift"; sourceTree = "<group>"; };
		CB1F3C3A219DE12F00035F0F /* UIViewController+extesion.swift */ = {isa = PBXFileReference; fileEncoding = 4; lastKnownFileType = sourcecode.swift; path = "UIViewController+extesion.swift"; sourceTree = "<group>"; };
		CB1F3C3C219DE1BE00035F0F /* RecieveMessageCell.swift */ = {isa = PBXFileReference; fileEncoding = 4; lastKnownFileType = sourcecode.swift; path = RecieveMessageCell.swift; sourceTree = "<group>"; };
		CB1F3C3D219DE1BE00035F0F /* SendMessageCell.swift */ = {isa = PBXFileReference; fileEncoding = 4; lastKnownFileType = sourcecode.swift; path = SendMessageCell.swift; sourceTree = "<group>"; };
		CB3A9896219E9587006DF777 /* KakaoAddressService.swift */ = {isa = PBXFileReference; fileEncoding = 4; lastKnownFileType = sourcecode.swift; path = KakaoAddressService.swift; sourceTree = "<group>"; };
		CB3A9898219E959A006DF777 /* Address.storyboard */ = {isa = PBXFileReference; fileEncoding = 4; lastKnownFileType = file.storyboard; path = Address.storyboard; sourceTree = "<group>"; };
		CB3A989A219E9637006DF777 /* LocationSearchVC.swift */ = {isa = PBXFileReference; fileEncoding = 4; lastKnownFileType = sourcecode.swift; path = LocationSearchVC.swift; sourceTree = "<group>"; };
		CB3A989C219E9673006DF777 /* AddressData.swift */ = {isa = PBXFileReference; fileEncoding = 4; lastKnownFileType = sourcecode.swift; path = AddressData.swift; sourceTree = "<group>"; };
		CB3A989E219E96DD006DF777 /* LocationSearchCell.swift */ = {isa = PBXFileReference; fileEncoding = 4; lastKnownFileType = sourcecode.swift; path = LocationSearchCell.swift; sourceTree = "<group>"; };
		CB3A98A0219E9A65006DF777 /* UIColor+rgb.swift */ = {isa = PBXFileReference; fileEncoding = 4; lastKnownFileType = sourcecode.swift; path = "UIColor+rgb.swift"; sourceTree = "<group>"; };
		CB3DFB1F219DF1CD00615D25 /* MainFoodFeedCell.swift */ = {isa = PBXFileReference; lastKnownFileType = sourcecode.swift; path = MainFoodFeedCell.swift; sourceTree = "<group>"; };
		CB5DF3DD219DD5A3009AD176 /* FoodCloud.app */ = {isa = PBXFileReference; explicitFileType = wrapper.application; includeInIndex = 0; path = FoodCloud.app; sourceTree = BUILT_PRODUCTS_DIR; };
		CB5DF3E0219DD5A3009AD176 /* AppDelegate.swift */ = {isa = PBXFileReference; lastKnownFileType = sourcecode.swift; path = AppDelegate.swift; sourceTree = "<group>"; };
		CB5DF3E5219DD5A3009AD176 /* Base */ = {isa = PBXFileReference; lastKnownFileType = file.storyboard; name = Base; path = Base.lproj/Main.storyboard; sourceTree = "<group>"; };
		CB5DF3E7219DD5A4009AD176 /* Assets.xcassets */ = {isa = PBXFileReference; lastKnownFileType = folder.assetcatalog; path = Assets.xcassets; sourceTree = "<group>"; };
		CB5DF3EA219DD5A4009AD176 /* Base */ = {isa = PBXFileReference; lastKnownFileType = file.storyboard; name = Base; path = Base.lproj/LaunchScreen.storyboard; sourceTree = "<group>"; };
		CB5DF3EC219DD5A4009AD176 /* Info.plist */ = {isa = PBXFileReference; lastKnownFileType = text.plist.xml; path = Info.plist; sourceTree = "<group>"; };
/* End PBXFileReference section */

/* Begin PBXFrameworksBuildPhase section */
		CB5DF3DA219DD5A3009AD176 /* Frameworks */ = {
			isa = PBXFrameworksBuildPhase;
			buildActionMask = 2147483647;
			files = (
				635A392BC0DC6B5E8BC5B817 /* Pods_FoodCloud.framework in Frameworks */,
			);
			runOnlyForDeploymentPostprocessing = 0;
		};
/* End PBXFrameworksBuildPhase section */

/* Begin PBXGroup section */
		2139A1E53619D68350FE34A8 /* Pods */ = {
			isa = PBXGroup;
			children = (
				C4ECB1779A52A49BFECC48B3 /* Pods-FoodCloud.debug.xcconfig */,
				9A0166FFA85100BCE4351B0C /* Pods-FoodCloud.release.xcconfig */,
			);
			name = Pods;
			sourceTree = "<group>";
		};
		CB1F3C07219DD9B900035F0F /* Storyboard */ = {
			isa = PBXGroup;
			children = (
				CB3A9898219E959A006DF777 /* Address.storyboard */,
				CB1F3C30219DE03700035F0F /* Message.storyboard */,
				CB5DF3E4219DD5A3009AD176 /* Main.storyboard */,
				CB1F3C2E219DDE1200035F0F /* Food+Person.storyboard */,
			);
			path = Storyboard;
			sourceTree = "<group>";
		};
		CB1F3C08219DD9C200035F0F /* ViewCotrollers */ = {
			isa = PBXGroup;
			children = (
				CB1F3C24219DDD0C00035F0F /* MainFoodFeedVC.swift */,
				CB1F3C26219DDD1700035F0F /* MyPageVC.swift */,
				CB1F3C28219DDD2700035F0F /* EventVC.swift */,
				CB1F3C2A219DDD3800035F0F /* GoneFoodFeedVC.swift */,
				CB1F3C2C219DDD4600035F0F /* UploadVC.swift */,
				CB1F3C33219DE0C000035F0F /* MessageVC.swift */,
				CB3A989A219E9637006DF777 /* LocationSearchVC.swift */,
			);
			path = ViewCotrollers;
			sourceTree = "<group>";
		};
		CB1F3C09219DD9CF00035F0F /* Views */ = {
			isa = PBXGroup;
			children = (
				CB1F3C3C219DE1BE00035F0F /* RecieveMessageCell.swift */,
				CB1F3C3D219DE1BE00035F0F /* SendMessageCell.swift */,
				CB3DFB1F219DF1CD00615D25 /* MainFoodFeedCell.swift */,
				CB3A989E219E96DD006DF777 /* LocationSearchCell.swift */,
			);
			path = Views;
			sourceTree = "<group>";
		};
		CB1F3C0A219DD9D300035F0F /* Services */ = {
			isa = PBXGroup;
			children = (
				CB3A9896219E9587006DF777 /* KakaoAddressService.swift */,
				CB1F3C1E219DDC1600035F0F /* APIService.swift */,
				CB1F3C1D219DDC1600035F0F /* HTTPStatusCode.swift */,
				CB1F3C1F219DDC1600035F0F /* NetworkResult.swift */,
				CB1F3C1C219DDC1600035F0F /* RequestService.swift */,
			);
			path = Services;
			sourceTree = "<group>";
		};
		CB1F3C0B219DD9DA00035F0F /* Models */ = {
			isa = PBXGroup;
			children = (
				CB3A989C219E9673006DF777 /* AddressData.swift */,
			);
			path = Models;
			sourceTree = "<group>";
		};
		CB1F3C35219DE10900035F0F /* Utils */ = {
			isa = PBXGroup;
			children = (
				CB3A98A0219E9A65006DF777 /* UIColor+rgb.swift */,
				CB1F3C36219DE11900035F0F /* UIImageVIew+imageFromUrl.swift */,
				CB1F3C3A219DE12F00035F0F /* UIViewController+extesion.swift */,
				CB1F3C38219DE12800035F0F /* UIView+applyDesign.swift */,
			);
			path = Utils;
			sourceTree = "<group>";
		};
		CB5DF3D4219DD5A3009AD176 = {
			isa = PBXGroup;
			children = (
				CB5DF3DF219DD5A3009AD176 /* FoodCloud */,
				CB5DF3DE219DD5A3009AD176 /* Products */,
				2139A1E53619D68350FE34A8 /* Pods */,
				FA502AFAC4B04ED1EF7B003D /* Frameworks */,
			);
			sourceTree = "<group>";
		};
		CB5DF3DE219DD5A3009AD176 /* Products */ = {
			isa = PBXGroup;
			children = (
				CB5DF3DD219DD5A3009AD176 /* FoodCloud.app */,
			);
			name = Products;
			sourceTree = "<group>";
		};
		CB5DF3DF219DD5A3009AD176 /* FoodCloud */ = {
			isa = PBXGroup;
			children = (
				CB1F3C35219DE10900035F0F /* Utils */,
				CB1F3C0A219DD9D300035F0F /* Services */,
				CB1F3C0B219DD9DA00035F0F /* Models */,
				CB1F3C09219DD9CF00035F0F /* Views */,
				CB1F3C08219DD9C200035F0F /* ViewCotrollers */,
				CB1F3C07219DD9B900035F0F /* Storyboard */,
				CB5DF3E0219DD5A3009AD176 /* AppDelegate.swift */,
				CB5DF3E7219DD5A4009AD176 /* Assets.xcassets */,
				CB5DF3E9219DD5A4009AD176 /* LaunchScreen.storyboard */,
				CB5DF3EC219DD5A4009AD176 /* Info.plist */,
			);
			path = FoodCloud;
			sourceTree = "<group>";
		};
		FA502AFAC4B04ED1EF7B003D /* Frameworks */ = {
			isa = PBXGroup;
			children = (
				AFF1D46858882584E8A5FF4A /* Pods_FoodCloud.framework */,
			);
			name = Frameworks;
			sourceTree = "<group>";
		};
/* End PBXGroup section */

/* Begin PBXNativeTarget section */
		CB5DF3DC219DD5A3009AD176 /* FoodCloud */ = {
			isa = PBXNativeTarget;
			buildConfigurationList = CB5DF3EF219DD5A4009AD176 /* Build configuration list for PBXNativeTarget "FoodCloud" */;
			buildPhases = (
				52B826088A08B41F778DE51B /* [CP] Check Pods Manifest.lock */,
				CB5DF3D9219DD5A3009AD176 /* Sources */,
				CB5DF3DA219DD5A3009AD176 /* Frameworks */,
				CB5DF3DB219DD5A3009AD176 /* Resources */,
				C52CF440A1B86025BEE9B0B1 /* [CP] Embed Pods Frameworks */,
			);
			buildRules = (
			);
			dependencies = (
			);
			name = FoodCloud;
			productName = FoodCloud;
			productReference = CB5DF3DD219DD5A3009AD176 /* FoodCloud.app */;
			productType = "com.apple.product-type.application";
		};
/* End PBXNativeTarget section */

/* Begin PBXProject section */
		CB5DF3D5219DD5A3009AD176 /* Project object */ = {
			isa = PBXProject;
			attributes = {
				LastSwiftUpdateCheck = 1010;
				LastUpgradeCheck = 1010;
				ORGANIZATIONNAME = "박세은";
				TargetAttributes = {
					CB5DF3DC219DD5A3009AD176 = {
						CreatedOnToolsVersion = 10.1;
					};
				};
			};
			buildConfigurationList = CB5DF3D8219DD5A3009AD176 /* Build configuration list for PBXProject "FoodCloud" */;
			compatibilityVersion = "Xcode 9.3";
			developmentRegion = en;
			hasScannedForEncodings = 0;
			knownRegions = (
				en,
				Base,
			);
			mainGroup = CB5DF3D4219DD5A3009AD176;
			productRefGroup = CB5DF3DE219DD5A3009AD176 /* Products */;
			projectDirPath = "";
			projectRoot = "";
			targets = (
				CB5DF3DC219DD5A3009AD176 /* FoodCloud */,
			);
		};
/* End PBXProject section */

/* Begin PBXResourcesBuildPhase section */
		CB5DF3DB219DD5A3009AD176 /* Resources */ = {
			isa = PBXResourcesBuildPhase;
			buildActionMask = 2147483647;
			files = (
				CB5DF3EB219DD5A4009AD176 /* LaunchScreen.storyboard in Resources */,
				CB5DF3E8219DD5A4009AD176 /* Assets.xcassets in Resources */,
				CB1F3C31219DE03700035F0F /* Message.storyboard in Resources */,
				CB3A9899219E959A006DF777 /* Address.storyboard in Resources */,
				CB5DF3E6219DD5A3009AD176 /* Main.storyboard in Resources */,
				CB1F3C2F219DDE1200035F0F /* Food+Person.storyboard in Resources */,
			);
			runOnlyForDeploymentPostprocessing = 0;
		};
/* End PBXResourcesBuildPhase section */

/* Begin PBXShellScriptBuildPhase section */
		52B826088A08B41F778DE51B /* [CP] Check Pods Manifest.lock */ = {
			isa = PBXShellScriptBuildPhase;
			buildActionMask = 2147483647;
			files = (
			);
			inputFileListPaths = (
			);
			inputPaths = (
				"${PODS_PODFILE_DIR_PATH}/Podfile.lock",
				"${PODS_ROOT}/Manifest.lock",
			);
			name = "[CP] Check Pods Manifest.lock";
			outputFileListPaths = (
			);
			outputPaths = (
				"$(DERIVED_FILE_DIR)/Pods-FoodCloud-checkManifestLockResult.txt",
			);
			runOnlyForDeploymentPostprocessing = 0;
			shellPath = /bin/sh;
			shellScript = "diff \"${PODS_PODFILE_DIR_PATH}/Podfile.lock\" \"${PODS_ROOT}/Manifest.lock\" > /dev/null\nif [ $? != 0 ] ; then\n    # print error to STDERR\n    echo \"error: The sandbox is not in sync with the Podfile.lock. Run 'pod install' or update your CocoaPods installation.\" >&2\n    exit 1\nfi\n# This output is used by Xcode 'outputs' to avoid re-running this script phase.\necho \"SUCCESS\" > \"${SCRIPT_OUTPUT_FILE_0}\"\n";
			showEnvVarsInLog = 0;
		};
		C52CF440A1B86025BEE9B0B1 /* [CP] Embed Pods Frameworks */ = {
			isa = PBXShellScriptBuildPhase;
			buildActionMask = 2147483647;
			files = (
			);
			inputFileListPaths = (
			);
			inputPaths = (
				"${SRCROOT}/Pods/Target Support Files/Pods-FoodCloud/Pods-FoodCloud-frameworks.sh",
				"${BUILT_PRODUCTS_DIR}/Alamofire/Alamofire.framework",
				"${BUILT_PRODUCTS_DIR}/Kingfisher/Kingfisher.framework",
				"${BUILT_PRODUCTS_DIR}/SwiftGifOrigin/SwiftGifOrigin.framework",
				"${BUILT_PRODUCTS_DIR}/SwiftyJSON/SwiftyJSON.framework",
			);
			name = "[CP] Embed Pods Frameworks";
			outputFileListPaths = (
			);
			outputPaths = (
				"${TARGET_BUILD_DIR}/${FRAMEWORKS_FOLDER_PATH}/Alamofire.framework",
				"${TARGET_BUILD_DIR}/${FRAMEWORKS_FOLDER_PATH}/Kingfisher.framework",
				"${TARGET_BUILD_DIR}/${FRAMEWORKS_FOLDER_PATH}/SwiftGifOrigin.framework",
				"${TARGET_BUILD_DIR}/${FRAMEWORKS_FOLDER_PATH}/SwiftyJSON.framework",
			);
			runOnlyForDeploymentPostprocessing = 0;
			shellPath = /bin/sh;
			shellScript = "\"${SRCROOT}/Pods/Target Support Files/Pods-FoodCloud/Pods-FoodCloud-frameworks.sh\"\n";
			showEnvVarsInLog = 0;
		};
/* End PBXShellScriptBuildPhase section */

/* Begin PBXSourcesBuildPhase section */
		CB5DF3D9219DD5A3009AD176 /* Sources */ = {
			isa = PBXSourcesBuildPhase;
			buildActionMask = 2147483647;
			files = (
				CB3A989D219E9673006DF777 /* AddressData.swift in Sources */,
				CB1F3C21219DDC1600035F0F /* HTTPStatusCode.swift in Sources */,
				CB1F3C23219DDC1600035F0F /* NetworkResult.swift in Sources */,
				CB1F3C2B219DDD3800035F0F /* GoneFoodFeedVC.swift in Sources */,
				CB1F3C2D219DDD4600035F0F /* UploadVC.swift in Sources */,
				CB5DF3E1219DD5A3009AD176 /* AppDelegate.swift in Sources */,
				CB3A989F219E96DD006DF777 /* LocationSearchCell.swift in Sources */,
				CB1F3C29219DDD2700035F0F /* EventVC.swift in Sources */,
				CB1F3C39219DE12800035F0F /* UIView+applyDesign.swift in Sources */,
				CB3DFB20219DF1CD00615D25 /* MainFoodFeedCell.swift in Sources */,
				CB1F3C3E219DE1BE00035F0F /* RecieveMessageCell.swift in Sources */,
				CB1F3C37219DE11900035F0F /* UIImageVIew+imageFromUrl.swift in Sources */,
				CB1F3C25219DDD0C00035F0F /* MainFoodFeedVC.swift in Sources */,
				CB1F3C27219DDD1700035F0F /* MyPageVC.swift in Sources */,
				CB1F3C22219DDC1600035F0F /* APIService.swift in Sources */,
				CB1F3C34219DE0C000035F0F /* MessageVC.swift in Sources */,
				CB1F3C20219DDC1600035F0F /* RequestService.swift in Sources */,
				CB3A98A1219E9A65006DF777 /* UIColor+rgb.swift in Sources */,
				CB1F3C3B219DE12F00035F0F /* UIViewController+extesion.swift in Sources */,
				CB3A9897219E9587006DF777 /* KakaoAddressService.swift in Sources */,
				CB1F3C3F219DE1BE00035F0F /* SendMessageCell.swift in Sources */,
				CB3A989B219E9637006DF777 /* LocationSearchVC.swift in Sources */,
			);
			runOnlyForDeploymentPostprocessing = 0;
		};
/* End PBXSourcesBuildPhase section */

/* Begin PBXVariantGroup section */
		CB5DF3E4219DD5A3009AD176 /* Main.storyboard */ = {
			isa = PBXVariantGroup;
			children = (
				CB5DF3E5219DD5A3009AD176 /* Base */,
			);
			name = Main.storyboard;
			sourceTree = "<group>";
		};
		CB5DF3E9219DD5A4009AD176 /* LaunchScreen.storyboard */ = {
			isa = PBXVariantGroup;
			children = (
				CB5DF3EA219DD5A4009AD176 /* Base */,
			);
			name = LaunchScreen.storyboard;
			sourceTree = "<group>";
		};
/* End PBXVariantGroup section */

/* Begin XCBuildConfiguration section */
		CB5DF3ED219DD5A4009AD176 /* Debug */ = {
			isa = XCBuildConfiguration;
			buildSettings = {
				ALWAYS_SEARCH_USER_PATHS = NO;
				CLANG_ANALYZER_NONNULL = YES;
				CLANG_ANALYZER_NUMBER_OBJECT_CONVERSION = YES_AGGRESSIVE;
				CLANG_CXX_LANGUAGE_STANDARD = "gnu++14";
				CLANG_CXX_LIBRARY = "libc++";
				CLANG_ENABLE_MODULES = YES;
				CLANG_ENABLE_OBJC_ARC = YES;
				CLANG_ENABLE_OBJC_WEAK = YES;
				CLANG_WARN_BLOCK_CAPTURE_AUTORELEASING = YES;
				CLANG_WARN_BOOL_CONVERSION = YES;
				CLANG_WARN_COMMA = YES;
				CLANG_WARN_CONSTANT_CONVERSION = YES;
				CLANG_WARN_DEPRECATED_OBJC_IMPLEMENTATIONS = YES;
				CLANG_WARN_DIRECT_OBJC_ISA_USAGE = YES_ERROR;
				CLANG_WARN_DOCUMENTATION_COMMENTS = YES;
				CLANG_WARN_EMPTY_BODY = YES;
				CLANG_WARN_ENUM_CONVERSION = YES;
				CLANG_WARN_INFINITE_RECURSION = YES;
				CLANG_WARN_INT_CONVERSION = YES;
				CLANG_WARN_NON_LITERAL_NULL_CONVERSION = YES;
				CLANG_WARN_OBJC_IMPLICIT_RETAIN_SELF = YES;
				CLANG_WARN_OBJC_LITERAL_CONVERSION = YES;
				CLANG_WARN_OBJC_ROOT_CLASS = YES_ERROR;
				CLANG_WARN_RANGE_LOOP_ANALYSIS = YES;
				CLANG_WARN_STRICT_PROTOTYPES = YES;
				CLANG_WARN_SUSPICIOUS_MOVE = YES;
				CLANG_WARN_UNGUARDED_AVAILABILITY = YES_AGGRESSIVE;
				CLANG_WARN_UNREACHABLE_CODE = YES;
				CLANG_WARN__DUPLICATE_METHOD_MATCH = YES;
				CODE_SIGN_IDENTITY = "iPhone Developer";
				COPY_PHASE_STRIP = NO;
				DEBUG_INFORMATION_FORMAT = dwarf;
				ENABLE_STRICT_OBJC_MSGSEND = YES;
				ENABLE_TESTABILITY = YES;
				GCC_C_LANGUAGE_STANDARD = gnu11;
				GCC_DYNAMIC_NO_PIC = NO;
				GCC_NO_COMMON_BLOCKS = YES;
				GCC_OPTIMIZATION_LEVEL = 0;
				GCC_PREPROCESSOR_DEFINITIONS = (
					"DEBUG=1",
					"$(inherited)",
				);
				GCC_WARN_64_TO_32_BIT_CONVERSION = YES;
				GCC_WARN_ABOUT_RETURN_TYPE = YES_ERROR;
				GCC_WARN_UNDECLARED_SELECTOR = YES;
				GCC_WARN_UNINITIALIZED_AUTOS = YES_AGGRESSIVE;
				GCC_WARN_UNUSED_FUNCTION = YES;
				GCC_WARN_UNUSED_VARIABLE = YES;
				IPHONEOS_DEPLOYMENT_TARGET = 12.1;
				MTL_ENABLE_DEBUG_INFO = INCLUDE_SOURCE;
				MTL_FAST_MATH = YES;
				ONLY_ACTIVE_ARCH = YES;
				SDKROOT = iphoneos;
				SWIFT_ACTIVE_COMPILATION_CONDITIONS = DEBUG;
				SWIFT_OPTIMIZATION_LEVEL = "-Onone";
			};
			name = Debug;
		};
		CB5DF3EE219DD5A4009AD176 /* Release */ = {
			isa = XCBuildConfiguration;
			buildSettings = {
				ALWAYS_SEARCH_USER_PATHS = NO;
				CLANG_ANALYZER_NONNULL = YES;
				CLANG_ANALYZER_NUMBER_OBJECT_CONVERSION = YES_AGGRESSIVE;
				CLANG_CXX_LANGUAGE_STANDARD = "gnu++14";
				CLANG_CXX_LIBRARY = "libc++";
				CLANG_ENABLE_MODULES = YES;
				CLANG_ENABLE_OBJC_ARC = YES;
				CLANG_ENABLE_OBJC_WEAK = YES;
				CLANG_WARN_BLOCK_CAPTURE_AUTORELEASING = YES;
				CLANG_WARN_BOOL_CONVERSION = YES;
				CLANG_WARN_COMMA = YES;
				CLANG_WARN_CONSTANT_CONVERSION = YES;
				CLANG_WARN_DEPRECATED_OBJC_IMPLEMENTATIONS = YES;
				CLANG_WARN_DIRECT_OBJC_ISA_USAGE = YES_ERROR;
				CLANG_WARN_DOCUMENTATION_COMMENTS = YES;
				CLANG_WARN_EMPTY_BODY = YES;
				CLANG_WARN_ENUM_CONVERSION = YES;
				CLANG_WARN_INFINITE_RECURSION = YES;
				CLANG_WARN_INT_CONVERSION = YES;
				CLANG_WARN_NON_LITERAL_NULL_CONVERSION = YES;
				CLANG_WARN_OBJC_IMPLICIT_RETAIN_SELF = YES;
				CLANG_WARN_OBJC_LITERAL_CONVERSION = YES;
				CLANG_WARN_OBJC_ROOT_CLASS = YES_ERROR;
				CLANG_WARN_RANGE_LOOP_ANALYSIS = YES;
				CLANG_WARN_STRICT_PROTOTYPES = YES;
				CLANG_WARN_SUSPICIOUS_MOVE = YES;
				CLANG_WARN_UNGUARDED_AVAILABILITY = YES_AGGRESSIVE;
				CLANG_WARN_UNREACHABLE_CODE = YES;
				CLANG_WARN__DUPLICATE_METHOD_MATCH = YES;
				CODE_SIGN_IDENTITY = "iPhone Developer";
				COPY_PHASE_STRIP = NO;
				DEBUG_INFORMATION_FORMAT = "dwarf-with-dsym";
				ENABLE_NS_ASSERTIONS = NO;
				ENABLE_STRICT_OBJC_MSGSEND = YES;
				GCC_C_LANGUAGE_STANDARD = gnu11;
				GCC_NO_COMMON_BLOCKS = YES;
				GCC_WARN_64_TO_32_BIT_CONVERSION = YES;
				GCC_WARN_ABOUT_RETURN_TYPE = YES_ERROR;
				GCC_WARN_UNDECLARED_SELECTOR = YES;
				GCC_WARN_UNINITIALIZED_AUTOS = YES_AGGRESSIVE;
				GCC_WARN_UNUSED_FUNCTION = YES;
				GCC_WARN_UNUSED_VARIABLE = YES;
				IPHONEOS_DEPLOYMENT_TARGET = 12.1;
				MTL_ENABLE_DEBUG_INFO = NO;
				MTL_FAST_MATH = YES;
				SDKROOT = iphoneos;
				SWIFT_COMPILATION_MODE = wholemodule;
				SWIFT_OPTIMIZATION_LEVEL = "-O";
				VALIDATE_PRODUCT = YES;
			};
			name = Release;
		};
		CB5DF3F0219DD5A4009AD176 /* Debug */ = {
			isa = XCBuildConfiguration;
			baseConfigurationReference = C4ECB1779A52A49BFECC48B3 /* Pods-FoodCloud.debug.xcconfig */;
			buildSettings = {
				ASSETCATALOG_COMPILER_APPICON_NAME = AppIcon;
				CODE_SIGN_STYLE = Automatic;
				INFOPLIST_FILE = FoodCloud/Info.plist;
				LD_RUNPATH_SEARCH_PATHS = (
					"$(inherited)",
					"@executable_path/Frameworks",
				);
				PRODUCT_BUNDLE_IDENTIFIER = pkse1213.FoodCloud;
				PRODUCT_NAME = "$(TARGET_NAME)";
				SWIFT_VERSION = 4.2;
				TARGETED_DEVICE_FAMILY = "1,2";
			};
			name = Debug;
		};
		CB5DF3F1219DD5A4009AD176 /* Release */ = {
			isa = XCBuildConfiguration;
			baseConfigurationReference = 9A0166FFA85100BCE4351B0C /* Pods-FoodCloud.release.xcconfig */;
			buildSettings = {
				ASSETCATALOG_COMPILER_APPICON_NAME = AppIcon;
				CODE_SIGN_STYLE = Automatic;
				INFOPLIST_FILE = FoodCloud/Info.plist;
				LD_RUNPATH_SEARCH_PATHS = (
					"$(inherited)",
					"@executable_path/Frameworks",
				);
				PRODUCT_BUNDLE_IDENTIFIER = pkse1213.FoodCloud;
				PRODUCT_NAME = "$(TARGET_NAME)";
				SWIFT_VERSION = 4.2;
				TARGETED_DEVICE_FAMILY = "1,2";
			};
			name = Release;
		};
/* End XCBuildConfiguration section */

/* Begin XCConfigurationList section */
		CB5DF3D8219DD5A3009AD176 /* Build configuration list for PBXProject "FoodCloud" */ = {
			isa = XCConfigurationList;
			buildConfigurations = (
				CB5DF3ED219DD5A4009AD176 /* Debug */,
				CB5DF3EE219DD5A4009AD176 /* Release */,
			);
			defaultConfigurationIsVisible = 0;
			defaultConfigurationName = Release;
		};
		CB5DF3EF219DD5A4009AD176 /* Build configuration list for PBXNativeTarget "FoodCloud" */ = {
			isa = XCConfigurationList;
			buildConfigurations = (
				CB5DF3F0219DD5A4009AD176 /* Debug */,
				CB5DF3F1219DD5A4009AD176 /* Release */,
			);
			defaultConfigurationIsVisible = 0;
			defaultConfigurationName = Release;
		};
/* End XCConfigurationList section */
	};
	rootObject = CB5DF3D5219DD5A3009AD176 /* Project object */;
}
